
Microsoft Visual Studio Solution File, Format Version 12.00
# Visual Studio Version 18
VisualStudioVersion = 18.8.12009.203
MinimumVisualStudioVersion = 10.0.40219.1
Project("{2150E333-8FDC-42A3-9474-1A3956D46DE8}") = "Services", "Services", "{E2322E49-B108-4215-A074-F3F59A884ADC}"
EndProject
Project("{2150E333-8FDC-42A3-9474-1A3956D46DE8}") = "Submission", "Submission", "{391CE5CE-AFDC-4EA8-8E48-D470D05E4156}"
EndProject
Project("{FAE04EC0-301F-11D3-BF4B-00C04F79EFBC}") = "Submission.API", "Services\Submission\Submission.API\Submission.API.csproj", "{BFE5D420-687A-43B3-98E3-5EB3E8183C22}"
EndProject
Project("{FAE04EC0-301F-11D3-BF4B-00C04F79EFBC}") = "Submission.Application", "Services\Submission\Submission.Application\Submission.Application.csproj", "{3246BEC3-02EA-4036-92F5-0B9523012027}"
EndProject
Project("{FAE04EC0-301F-11D3-BF4B-00C04F79EFBC}") = "Submission.Domain", "Services\Submission\Submission.Domain\Submission.Domain.csproj", "{5DD67572-1BE2-4F8D-A6C7-6EE2BED7B770}"
EndProject
Project("{FAE04EC0-301F-11D3-BF4B-00C04F79EFBC}") = "Submission.Persistence", "Services\Submission\Submission.Persistence\Submission.Persistence.csproj", "{2F462812-6775-4FC1-959D-56BD2137FEB8}"
EndProject
Project("{2150E333-8FDC-42A3-9474-1A3956D46DE8}") = "00-Solution Items", "00-Solution Items", "{8F6618A4-CC16-4599-A46F-82B13DFA83A8}"
	ProjectSection(SolutionItems) = preProject
		.dockerignore = .dockerignore
		.gitattributes = .gitattributes
		.gitignore = .gitignore
		README.md = README.md
	EndProjectSection
EndProject
Project("{2150E333-8FDC-42A3-9474-1A3956D46DE8}") = "BuildingBlocks", "BuildingBlocks", "{24272DDE-661D-472D-BB57-00408B9E2875}"
EndProject
Project("{FAE04EC0-301F-11D3-BF4B-00C04F79EFBC}") = "Articles.Abstractions", "BuildingBlocks\Articles.Abstractions\Articles.Abstractions.csproj", "{9AD66058-A6D6-4BC5-9A6E-35DA268303AE}"
EndProject
Project("{FAE04EC0-301F-11D3-BF4B-00C04F79EFBC}") = "Blocks.EntityFramework", "BuildingBlocks\Blocks.EntityFramework\Blocks.EntityFramework.csproj", "{3973CAA1-34FF-4E1C-904E-9930EC34D56A}"
EndProject
Project("{FAE04EC0-301F-11D3-BF4B-00C04F79EFBC}") = "Blocks.Domain", "BuildingBlocks\Blocks.Domain\Blocks.Domain.csproj", "{F58B319C-91EF-4BE8-8756-C48513A03E0F}"
EndProject
Project("{FAE04EC0-301F-11D3-BF4B-00C04F79EFBC}") = "Blocks.MediatR", "BuildingBlocks\Blocks.MediatR\Blocks.MediatR.csproj", "{C8A63063-CD32-4524-8810-A0A02C1E1AD8}"
EndProject
Project("{FAE04EC0-301F-11D3-BF4B-00C04F79EFBC}") = "Blocks.Exceptions", "BuildingBlocks\Blocks.Exceptions\Blocks.Exceptions.csproj", "{F5DC9FBA-C65D-4AEF-A9D5-CA046CA6E8F0}"
EndProject
Project("{FAE04EC0-301F-11D3-BF4B-00C04F79EFBC}") = "Blocks.Core", "BuildingBlocks\Blocks.Core\Blocks.Core.csproj", "{C7AD87A4-A38E-48AE-850B-7DD67309FAE0}"
EndProject
Project("{FAE04EC0-301F-11D3-BF4B-00C04F79EFBC}") = "Articles.Security", "BuildingBlocks\Articles.Security\Articles.Security.csproj", "{5AA90CE8-1C32-444D-9269-5520CB0D7A69}"
EndProject
Project("{2150E333-8FDC-42A3-9474-1A3956D46DE8}") = "Modules", "Modules", "{4792D9A9-CEB0-4BE7-846F-3EB9A716D864}"
EndProject
Project("{2150E333-8FDC-42A3-9474-1A3956D46DE8}") = "FileStorage", "FileStorage", "{790A9EF6-2FEF-4587-9828-BAD055C0FE41}"
EndProject
Project("{FAE04EC0-301F-11D3-BF4B-00C04F79EFBC}") = "FileStorage.Contracts", "Modules\FileStorage\FileStorage.Contracts\FileStorage.Contracts.csproj", "{EA082A9E-D7E0-431D-8D9C-6D9F771B9936}"
EndProject
Project("{FAE04EC0-301F-11D3-BF4B-00C04F79EFBC}") = "FileStorage.MongoGridFS", "Modules\FileStorage\FileStorage.MongoGridFS\FileStorage.MongoGridFS.csproj", "{640ED7B0-E694-4A58-8C45-8E0E0517FEB8}"
EndProject
Project("{2150E333-8FDC-42A3-9474-1A3956D46DE8}") = "Auth", "Auth", "{6947A3FA-9425-4180-BFFD-CC1D8F00363A}"
EndProject
Project("{FAE04EC0-301F-11D3-BF4B-00C04F79EFBC}") = "Auth.API", "Services\Auth\Auth.API\Auth.API.csproj", "{893D2A11-1BDC-4589-BB31-FF56998DAB5F}"
EndProject
Project("{FAE04EC0-301F-11D3-BF4B-00C04F79EFBC}") = "Auth.Application", "Services\Auth\Auth.Application\Auth.Application.csproj", "{A6A2C4C5-5ACA-4CDF-95A1-D98B68E7323C}"
EndProject
Project("{FAE04EC0-301F-11D3-BF4B-00C04F79EFBC}") = "Auth.Domain", "Services\Auth\Auth.Domain\Auth.Domain.csproj", "{ED497204-639D-47BA-BFED-D1625962E77C}"
EndProject
Project("{FAE04EC0-301F-11D3-BF4B-00C04F79EFBC}") = "Auth.Persistence", "Services\Auth\Auth.Persistence\Auth.Persistence.csproj", "{9A4DD1FA-3B6D-4F95-B0CD-0A28DD8230A9}"
EndProject
Project("{2150E333-8FDC-42A3-9474-1A3956D46DE8}") = "EmailService", "EmailService", "{2D0E4676-B1FE-4D28-BBA9-3DF7FC4EF1D2}"
EndProject
Project("{FAE04EC0-301F-11D3-BF4B-00C04F79EFBC}") = "EmailService.Contracts", "Modules\EmailService\EmailService.Contracts\EmailService.Contracts.csproj", "{780CBEEA-3F64-42B7-A2BF-8DD127069DDC}"
EndProject
Project("{FAE04EC0-301F-11D3-BF4B-00C04F79EFBC}") = "EmailService.Smtp", "Modules\EmailService\EmailService.Smtp\EmailService.Smtp.csproj", "{32AB4A27-877F-4E2C-9727-CEDFE2623E48}"
EndProject
Project("{FAE04EC0-301F-11D3-BF4B-00C04F79EFBC}") = "Blocks.AspNetCore", "BuildingBlocks\Blocks.AspNetCore\Blocks.AspNetCore.csproj", "{FB3C2064-F2ED-47B9-A5F7-D51495A11D08}"
EndProject
Project("{2150E333-8FDC-42A3-9474-1A3956D46DE8}") = "Journals", "Journals", "{0CD2214A-A96C-4003-939E-42D9C599CF38}"
EndProject
Project("{FAE04EC0-301F-11D3-BF4B-00C04F79EFBC}") = "Journals.API", "Services\Journals\Journals.API\Journals.API.csproj", "{03C501C1-6407-428E-96A6-18A952E2C8F2}"
EndProject
Project("{FAE04EC0-301F-11D3-BF4B-00C04F79EFBC}") = "Journals.Domain", "Services\Journals\Journals.Domain\Journals.Domain.csproj", "{61C37E4D-14DD-49FD-8290-F6B9609C9B1E}"
EndProject
Project("{FAE04EC0-301F-11D3-BF4B-00C04F79EFBC}") = "Journals.Persistence", "Services\Journals\Journals.Persistence\Journals.Persistence.csproj", "{B1643531-6F0A-410A-9B47-5DE1686D9F3A}"
EndProject
Project("{FAE04EC0-301F-11D3-BF4B-00C04F79EFBC}") = "Blocks.Redis", "BuildingBlocks\Blocks.Redis\Blocks.Redis.csproj", "{B4C4164C-746B-4DA4-88CB-F8FA872F8A7F}"
EndProject
Global
	GlobalSection(SolutionConfigurationPlatforms) = preSolution
		Debug|Any CPU = Debug|Any CPU
		Release|Any CPU = Release|Any CPU
	EndGlobalSection
	GlobalSection(ProjectConfigurationPlatforms) = postSolution
		{BFE5D420-687A-43B3-98E3-5EB3E8183C22}.Debug|Any CPU.ActiveCfg = Debug|Any CPU
		{BFE5D420-687A-43B3-98E3-5EB3E8183C22}.Debug|Any CPU.Build.0 = Debug|Any CPU
		{BFE5D420-687A-43B3-98E3-5EB3E8183C22}.Release|Any CPU.ActiveCfg = Release|Any CPU
		{BFE5D420-687A-43B3-98E3-5EB3E8183C22}.Release|Any CPU.Build.0 = Release|Any CPU
		{3246BEC3-02EA-4036-92F5-0B9523012027}.Debug|Any CPU.ActiveCfg = Debug|Any CPU
		{3246BEC3-02EA-4036-92F5-0B9523012027}.Debug|Any CPU.Build.0 = Debug|Any CPU
		{3246BEC3-02EA-4036-92F5-0B9523012027}.Release|Any CPU.ActiveCfg = Release|Any CPU
		{3246BEC3-02EA-4036-92F5-0B9523012027}.Release|Any CPU.Build.0 = Release|Any CPU
		{5DD67572-1BE2-4F8D-A6C7-6EE2BED7B770}.Debug|Any CPU.ActiveCfg = Debug|Any CPU
		{5DD67572-1BE2-4F8D-A6C7-6EE2BED7B770}.Debug|Any CPU.Build.0 = Debug|Any CPU
		{5DD67572-1BE2-4F8D-A6C7-6EE2BED7B770}.Release|Any CPU.ActiveCfg = Release|Any CPU
		{5DD67572-1BE2-4F8D-A6C7-6EE2BED7B770}.Release|Any CPU.Build.0 = Release|Any CPU
		{2F462812-6775-4FC1-959D-56BD2137FEB8}.Debug|Any CPU.ActiveCfg = Debug|Any CPU
		{2F462812-6775-4FC1-959D-56BD2137FEB8}.Debug|Any CPU.Build.0 = Debug|Any CPU
		{2F462812-6775-4FC1-959D-56BD2137FEB8}.Release|Any CPU.ActiveCfg = Release|Any CPU
		{2F462812-6775-4FC1-959D-56BD2137FEB8}.Release|Any CPU.Build.0 = Release|Any CPU
		{9AD66058-A6D6-4BC5-9A6E-35DA268303AE}.Debug|Any CPU.ActiveCfg = Debug|Any CPU
		{9AD66058-A6D6-4BC5-9A6E-35DA268303AE}.Debug|Any CPU.Build.0 = Debug|Any CPU
		{9AD66058-A6D6-4BC5-9A6E-35DA268303AE}.Release|Any CPU.ActiveCfg = Release|Any CPU
		{9AD66058-A6D6-4BC5-9A6E-35DA268303AE}.Release|Any CPU.Build.0 = Release|Any CPU
		{3973CAA1-34FF-4E1C-904E-9930EC34D56A}.Debug|Any CPU.ActiveCfg = Debug|Any CPU
		{3973CAA1-34FF-4E1C-904E-9930EC34D56A}.Debug|Any CPU.Build.0 = Debug|Any CPU
		{3973CAA1-34FF-4E1C-904E-9930EC34D56A}.Release|Any CPU.ActiveCfg = Release|Any CPU
		{3973CAA1-34FF-4E1C-904E-9930EC34D56A}.Release|Any CPU.Build.0 = Release|Any CPU
		{F58B319C-91EF-4BE8-8756-C48513A03E0F}.Debug|Any CPU.ActiveCfg = Debug|Any CPU
		{F58B319C-91EF-4BE8-8756-C48513A03E0F}.Debug|Any CPU.Build.0 = Debug|Any CPU
		{F58B319C-91EF-4BE8-8756-C48513A03E0F}.Release|Any CPU.ActiveCfg = Release|Any CPU
		{F58B319C-91EF-4BE8-8756-C48513A03E0F}.Release|Any CPU.Build.0 = Release|Any CPU
		{C8A63063-CD32-4524-8810-A0A02C1E1AD8}.Debug|Any CPU.ActiveCfg = Debug|Any CPU
		{C8A63063-CD32-4524-8810-A0A02C1E1AD8}.Debug|Any CPU.Build.0 = Debug|Any CPU
		{C8A63063-CD32-4524-8810-A0A02C1E1AD8}.Release|Any CPU.ActiveCfg = Release|Any CPU
		{C8A63063-CD32-4524-8810-A0A02C1E1AD8}.Release|Any CPU.Build.0 = Release|Any CPU
		{F5DC9FBA-C65D-4AEF-A9D5-CA046CA6E8F0}.Debug|Any CPU.ActiveCfg = Debug|Any CPU
		{F5DC9FBA-C65D-4AEF-A9D5-CA046CA6E8F0}.Debug|Any CPU.Build.0 = Debug|Any CPU
		{F5DC9FBA-C65D-4AEF-A9D5-CA046CA6E8F0}.Release|Any CPU.ActiveCfg = Release|Any CPU
		{F5DC9FBA-C65D-4AEF-A9D5-CA046CA6E8F0}.Release|Any CPU.Build.0 = Release|Any CPU
		{C7AD87A4-A38E-48AE-850B-7DD67309FAE0}.Debug|Any CPU.ActiveCfg = Debug|Any CPU
		{C7AD87A4-A38E-48AE-850B-7DD67309FAE0}.Debug|Any CPU.Build.0 = Debug|Any CPU
		{C7AD87A4-A38E-48AE-850B-7DD67309FAE0}.Release|Any CPU.ActiveCfg = Release|Any CPU
		{C7AD87A4-A38E-48AE-850B-7DD67309FAE0}.Release|Any CPU.Build.0 = Release|Any CPU
		{5AA90CE8-1C32-444D-9269-5520CB0D7A69}.Debug|Any CPU.ActiveCfg = Debug|Any CPU
		{5AA90CE8-1C32-444D-9269-5520CB0D7A69}.Debug|Any CPU.Build.0 = Debug|Any CPU
		{5AA90CE8-1C32-444D-9269-5520CB0D7A69}.Release|Any CPU.ActiveCfg = Release|Any CPU
		{5AA90CE8-1C32-444D-9269-5520CB0D7A69}.Release|Any CPU.Build.0 = Release|Any CPU
		{EA082A9E-D7E0-431D-8D9C-6D9F771B9936}.Debug|Any CPU.ActiveCfg = Debug|Any CPU
		{EA082A9E-D7E0-431D-8D9C-6D9F771B9936}.Debug|Any CPU.Build.0 = Debug|Any CPU
		{EA082A9E-D7E0-431D-8D9C-6D9F771B9936}.Release|Any CPU.ActiveCfg = Release|Any CPU
		{EA082A9E-D7E0-431D-8D9C-6D9F771B9936}.Release|Any CPU.Build.0 = Release|Any CPU
		{640ED7B0-E694-4A58-8C45-8E0E0517FEB8}.Debug|Any CPU.ActiveCfg = Debug|Any CPU
		{640ED7B0-E694-4A58-8C45-8E0E0517FEB8}.Debug|Any CPU.Build.0 = Debug|Any CPU
		{640ED7B0-E694-4A58-8C45-8E0E0517FEB8}.Release|Any CPU.ActiveCfg = Release|Any CPU
		{640ED7B0-E694-4A58-8C45-8E0E0517FEB8}.Release|Any CPU.Build.0 = Release|Any CPU
		{893D2A11-1BDC-4589-BB31-FF56998DAB5F}.Debug|Any CPU.ActiveCfg = Debug|Any CPU
		{893D2A11-1BDC-4589-BB31-FF56998DAB5F}.Debug|Any CPU.Build.0 = Debug|Any CPU
		{893D2A11-1BDC-4589-BB31-FF56998DAB5F}.Release|Any CPU.ActiveCfg = Release|Any CPU
		{893D2A11-1BDC-4589-BB31-FF56998DAB5F}.Release|Any CPU.Build.0 = Release|Any CPU
		{A6A2C4C5-5ACA-4CDF-95A1-D98B68E7323C}.Debug|Any CPU.ActiveCfg = Debug|Any CPU
		{A6A2C4C5-5ACA-4CDF-95A1-D98B68E7323C}.Debug|Any CPU.Build.0 = Debug|Any CPU
		{A6A2C4C5-5ACA-4CDF-95A1-D98B68E7323C}.Release|Any CPU.ActiveCfg = Release|Any CPU
		{A6A2C4C5-5ACA-4CDF-95A1-D98B68E7323C}.Release|Any CPU.Build.0 = Release|Any CPU
		{ED497204-639D-47BA-BFED-D1625962E77C}.Debug|Any CPU.ActiveCfg = Debug|Any CPU
		{ED497204-639D-47BA-BFED-D1625962E77C}.Debug|Any CPU.Build.0 = Debug|Any CPU
		{ED497204-639D-47BA-BFED-D1625962E77C}.Release|Any CPU.ActiveCfg = Release|Any CPU
		{ED497204-639D-47BA-BFED-D1625962E77C}.Release|Any CPU.Build.0 = Release|Any CPU
		{9A4DD1FA-3B6D-4F95-B0CD-0A28DD8230A9}.Debug|Any CPU.ActiveCfg = Debug|Any CPU
		{9A4DD1FA-3B6D-4F95-B0CD-0A28DD8230A9}.Debug|Any CPU.Build.0 = Debug|Any CPU
		{9A4DD1FA-3B6D-4F95-B0CD-0A28DD8230A9}.Release|Any CPU.ActiveCfg = Release|Any CPU
		{9A4DD1FA-3B6D-4F95-B0CD-0A28DD8230A9}.Release|Any CPU.Build.0 = Release|Any CPU
		{780CBEEA-3F64-42B7-A2BF-8DD127069DDC}.Debug|Any CPU.ActiveCfg = Debug|Any CPU
		{780CBEEA-3F64-42B7-A2BF-8DD127069DDC}.Debug|Any CPU.Build.0 = Debug|Any CPU
		{780CBEEA-3F64-42B7-A2BF-8DD127069DDC}.Release|Any CPU.ActiveCfg = Release|Any CPU
		{780CBEEA-3F64-42B7-A2BF-8DD127069DDC}.Release|Any CPU.Build.0 = Release|Any CPU
		{32AB4A27-877F-4E2C-9727-CEDFE2623E48}.Debug|Any CPU.ActiveCfg = Debug|Any CPU
		{32AB4A27-877F-4E2C-9727-CEDFE2623E48}.Debug|Any CPU.Build.0 = Debug|Any CPU
		{32AB4A27-877F-4E2C-9727-CEDFE2623E48}.Release|Any CPU.ActiveCfg = Release|Any CPU
		{32AB4A27-877F-4E2C-9727-CEDFE2623E48}.Release|Any CPU.Build.0 = Release|Any CPU
		{FB3C2064-F2ED-47B9-A5F7-D51495A11D08}.Debug|Any CPU.ActiveCfg = Debug|Any CPU
		{FB3C2064-F2ED-47B9-A5F7-D51495A11D08}.Debug|Any CPU.Build.0 = Debug|Any CPU
		{FB3C2064-F2ED-47B9-A5F7-D51495A11D08}.Release|Any CPU.ActiveCfg = Release|Any CPU
		{FB3C2064-F2ED-47B9-A5F7-D51495A11D08}.Release|Any CPU.Build.0 = Release|Any CPU
		{03C501C1-6407-428E-96A6-18A952E2C8F2}.Debug|Any CPU.ActiveCfg = Debug|Any CPU
		{03C501C1-6407-428E-96A6-18A952E2C8F2}.Debug|Any CPU.Build.0 = Debug|Any CPU
		{03C501C1-6407-428E-96A6-18A952E2C8F2}.Release|Any CPU.ActiveCfg = Release|Any CPU
		{03C501C1-6407-428E-96A6-18A952E2C8F2}.Release|Any CPU.Build.0 = Release|Any CPU
		{61C37E4D-14DD-49FD-8290-F6B9609C9B1E}.Debug|Any CPU.ActiveCfg = Debug|Any CPU
		{61C37E4D-14DD-49FD-8290-F6B9609C9B1E}.Debug|Any CPU.Build.0 = Debug|Any CPU
		{61C37E4D-14DD-49FD-8290-F6B9609C9B1E}.Release|Any CPU.ActiveCfg = Release|Any CPU
		{61C37E4D-14DD-49FD-8290-F6B9609C9B1E}.Release|Any CPU.Build.0 = Release|Any CPU
		{B1643531-6F0A-410A-9B47-5DE1686D9F3A}.Debug|Any CPU.ActiveCfg = Debug|Any CPU
		{B1643531-6F0A-410A-9B47-5DE1686D9F3A}.Debug|Any CPU.Build.0 = Debug|Any CPU
		{B1643531-6F0A-410A-9B47-5DE1686D9F3A}.Release|Any CPU.ActiveCfg = Release|Any CPU
		{B1643531-6F0A-410A-9B47-5DE1686D9F3A}.Release|Any CPU.Build.0 = Release|Any CPU
		{B4C4164C-746B-4DA4-88CB-F8FA872F8A7F}.Debug|Any CPU.ActiveCfg = Debug|Any CPU
		{B4C4164C-746B-4DA4-88CB-F8FA872F8A7F}.Debug|Any CPU.Build.0 = Debug|Any CPU
		{B4C4164C-746B-4DA4-88CB-F8FA872F8A7F}.Release|Any CPU.ActiveCfg = Release|Any CPU
		{B4C4164C-746B-4DA4-88CB-F8FA872F8A7F}.Release|Any CPU.Build.0 = Release|Any CPU
	EndGlobalSection
	GlobalSection(SolutionProperties) = preSolution
		HideSolutionNode = FALSE
	EndGlobalSection
	GlobalSection(NestedProjects) = preSolution
		{391CE5CE-AFDC-4EA8-8E48-D470D05E4156} = {E2322E49-B108-4215-A074-F3F59A884ADC}
		{BFE5D420-687A-43B3-98E3-5EB3E8183C22} = {391CE5CE-AFDC-4EA8-8E48-D470D05E4156}
		{3246BEC3-02EA-4036-92F5-0B9523012027} = {391CE5CE-AFDC-4EA8-8E48-D470D05E4156}
		{5DD67572-1BE2-4F8D-A6C7-6EE2BED7B770} = {391CE5CE-AFDC-4EA8-8E48-D470D05E4156}
		{2F462812-6775-4FC1-959D-56BD2137FEB8} = {391CE5CE-AFDC-4EA8-8E48-D470D05E4156}
		{9AD66058-A6D6-4BC5-9A6E-35DA268303AE} = {24272DDE-661D-472D-BB57-00408B9E2875}
		{3973CAA1-34FF-4E1C-904E-9930EC34D56A} = {24272DDE-661D-472D-BB57-00408B9E2875}
		{F58B319C-91EF-4BE8-8756-C48513A03E0F} = {24272DDE-661D-472D-BB57-00408B9E2875}
		{C8A63063-CD32-4524-8810-A0A02C1E1AD8} = {24272DDE-661D-472D-BB57-00408B9E2875}
		{F5DC9FBA-C65D-4AEF-A9D5-CA046CA6E8F0} = {24272DDE-661D-472D-BB57-00408B9E2875}
		{C7AD87A4-A38E-48AE-850B-7DD67309FAE0} = {24272DDE-661D-472D-BB57-00408B9E2875}
		{5AA90CE8-1C32-444D-9269-5520CB0D7A69} = {24272DDE-661D-472D-BB57-00408B9E2875}
		{790A9EF6-2FEF-4587-9828-BAD055C0FE41} = {4792D9A9-CEB0-4BE7-846F-3EB9A716D864}
		{EA082A9E-D7E0-431D-8D9C-6D9F771B9936} = {790A9EF6-2FEF-4587-9828-BAD055C0FE41}
		{640ED7B0-E694-4A58-8C45-8E0E0517FEB8} = {790A9EF6-2FEF-4587-9828-BAD055C0FE41}
		{6947A3FA-9425-4180-BFFD-CC1D8F00363A} = {E2322E49-B108-4215-A074-F3F59A884ADC}
		{893D2A11-1BDC-4589-BB31-FF56998DAB5F} = {6947A3FA-9425-4180-BFFD-CC1D8F00363A}
		{A6A2C4C5-5ACA-4CDF-95A1-D98B68E7323C} = {6947A3FA-9425-4180-BFFD-CC1D8F00363A}
		{ED497204-639D-47BA-BFED-D1625962E77C} = {6947A3FA-9425-4180-BFFD-CC1D8F00363A}
		{9A4DD1FA-3B6D-4F95-B0CD-0A28DD8230A9} = {6947A3FA-9425-4180-BFFD-CC1D8F00363A}
		{2D0E4676-B1FE-4D28-BBA9-3DF7FC4EF1D2} = {4792D9A9-CEB0-4BE7-846F-3EB9A716D864}
		{780CBEEA-3F64-42B7-A2BF-8DD127069DDC} = {2D0E4676-B1FE-4D28-BBA9-3DF7FC4EF1D2}
		{32AB4A27-877F-4E2C-9727-CEDFE2623E48} = {2D0E4676-B1FE-4D28-BBA9-3DF7FC4EF1D2}
		{FB3C2064-F2ED-47B9-A5F7-D51495A11D08} = {24272DDE-661D-472D-BB57-00408B9E2875}
		{0CD2214A-A96C-4003-939E-42D9C599CF38} = {E2322E49-B108-4215-A074-F3F59A884ADC}
		{03C501C1-6407-428E-96A6-18A952E2C8F2} = {0CD2214A-A96C-4003-939E-42D9C599CF38}
		{61C37E4D-14DD-49FD-8290-F6B9609C9B1E} = {0CD2214A-A96C-4003-939E-42D9C599CF38}
		{B1643531-6F0A-410A-9B47-5DE1686D9F3A} = {0CD2214A-A96C-4003-939E-42D9C599CF38}
		{B4C4164C-746B-4DA4-88CB-F8FA872F8A7F} = {24272DDE-661D-472D-BB57-00408B9E2875}
	EndGlobalSection
	GlobalSection(ExtensibilityGlobals) = postSolution
		SolutionGuid = {DBBDB217-448C-4922-AC88-1938E3ABE9E2}
	EndGlobalSection
EndGlobal
