
Microsoft Visual Studio Solution File, Format Version 12.00
# Visual Studio Version 18
VisualStudioVersion = 18.8.12009.203
MinimumVisualStudioVersion = 10.0.40219.1
Project("{2150E333-8FDC-42A3-9474-1A3956D46DE8}") = "Services", "Services", "{E2322E49-B108-4215-A074-F3F59A884ADC}"
EndProject
Project("{2150E333-8FDC-42A3-9474-1A3956D46DE8}") = "Submission", "Submission", "{391CE5CE-AFDC-4EA8-8E48-D470D05E4156}"
EndProject
Project("{FAE04EC0-301F-11D3-BF4B-00C04F79EFBC}") = "Submission.API", "Services\Submission\Submission.API\Submission.API.csproj", "{BFE5D420-687A-43B3-98E3-5EB3E8183C22}"
EndProject
Project("{FAE04EC0-301F-11D3-BF4B-00C04F79EFBC}") = "Submission.Application", "Services\Submission\Submission.Application\Submission.Application.csproj", "{3246BEC3-02EA-4036-92F5-0B9523012027}"
EndProject
Project("{FAE04EC0-301F-11D3-BF4B-00C04F79EFBC}") = "Submission.Domain", "Services\Submission\Submission.Domain\Submission.Domain.csproj", "{5DD67572-1BE2-4F8D-A6C7-6EE2BED7B770}"
EndProject
Project("{FAE04EC0-301F-11D3-BF4B-00C04F79EFBC}") = "Submission.Persistence", "Services\Submission\Submission.Persistence\Submission.Persistence.csproj", "{2F462812-6775-4FC1-959D-56BD2137FEB8}"
EndProject
Project("{2150E333-8FDC-42A3-9474-1A3956D46DE8}") = "00-Solution Items", "00-Solution Items", "{8F6618A4-CC16-4599-A46F-82B13DFA83A8}"
	ProjectSection(SolutionItems) = preProject
		.dockerignore = .dockerignore
		.gitattributes = .gitattributes
		.gitignore = .gitignore
		README.md = README.md
	EndProjectSection
EndProject
Project("{2150E333-8FDC-42A3-9474-1A3956D46DE8}") = "BuildingBlocks", "BuildingBlocks", "{24272DDE-661D-472D-BB57-00408B9E2875}"
EndProject
Project("{FAE04EC0-301F-11D3-BF4B-00C04F79EFBC}") = "Articles.Abstractions", "BuildingBlocks\Articles.Abstractions\Articles.Abstractions.csproj", "{9AD66058-A6D6-4BC5-9A6E-35DA268303AE}"
EndProject
Project("{FAE04EC0-301F-11D3-BF4B-00C04F79EFBC}") = "Blocks.EntityFramework", "BuildingBlocks\Blocks.EntityFramework\Blocks.EntityFramework.csproj", "{3973CAA1-34FF-4E1C-904E-9930EC34D56A}"
EndProject
Project("{FAE04EC0-301F-11D3-BF4B-00C04F79EFBC}") = "Blocks.Domain", "BuildingBlocks\Blocks.Domain\Blocks.Domain.csproj", "{F58B319C-91EF-4BE8-8756-C48513A03E0F}"
EndProject
Project("{FAE04EC0-301F-11D3-BF4B-00C04F79EFBC}") = "Blocks.MediatR", "BuildingBlocks\Blocks.MediatR\Blocks.MediatR.csproj", "{C8A63063-CD32-4524-8810-A0A02C1E1AD8}"
EndProject
Project("{FAE04EC0-301F-11D3-BF4B-00C04F79EFBC}") = "Blocks.Exceptions", "BuildingBlocks\Blocks.Exceptions\Blocks.Exceptions.csproj", "{F5DC9FBA-C65D-4AEF-A9D5-CA046CA6E8F0}"
EndProject
Project("{FAE04EC0-301F-11D3-BF4B-00C04F79EFBC}") = "Blocks.Core", "BuildingBlocks\Blocks.Core\Blocks.Core.csproj", "{C7AD87A4-A38E-48AE-850B-7DD67309FAE0}"
EndProject
Global
	GlobalSection(SolutionConfigurationPlatforms) = preSolution
		Debug|Any CPU = Debug|Any CPU
		Release|Any CPU = Release|Any CPU
	EndGlobalSection
	GlobalSection(ProjectConfigurationPlatforms) = postSolution
		{BFE5D420-687A-43B3-98E3-5EB3E8183C22}.Debug|Any CPU.ActiveCfg = Debug|Any CPU
		{BFE5D420-687A-43B3-98E3-5EB3E8183C22}.Debug|Any CPU.Build.0 = Debug|Any CPU
		{BFE5D420-687A-43B3-98E3-5EB3E8183C22}.Release|Any CPU.ActiveCfg = Release|Any CPU
		{BFE5D420-687A-43B3-98E3-5EB3E8183C22}.Release|Any CPU.Build.0 = Release|Any CPU
		{3246BEC3-02EA-4036-92F5-0B9523012027}.Debug|Any CPU.ActiveCfg = Debug|Any CPU
		{3246BEC3-02EA-4036-92F5-0B9523012027}.Debug|Any CPU.Build.0 = Debug|Any CPU
		{3246BEC3-02EA-4036-92F5-0B9523012027}.Release|Any CPU.ActiveCfg = Release|Any CPU
		{3246BEC3-02EA-4036-92F5-0B9523012027}.Release|Any CPU.Build.0 = Release|Any CPU
		{5DD67572-1BE2-4F8D-A6C7-6EE2BED7B770}.Debug|Any CPU.ActiveCfg = Debug|Any CPU
		{5DD67572-1BE2-4F8D-A6C7-6EE2BED7B770}.Debug|Any CPU.Build.0 = Debug|Any CPU
		{5DD67572-1BE2-4F8D-A6C7-6EE2BED7B770}.Release|Any CPU.ActiveCfg = Release|Any CPU
		{5DD67572-1BE2-4F8D-A6C7-6EE2BED7B770}.Release|Any CPU.Build.0 = Release|Any CPU
		{2F462812-6775-4FC1-959D-56BD2137FEB8}.Debug|Any CPU.ActiveCfg = Debug|Any CPU
		{2F462812-6775-4FC1-959D-56BD2137FEB8}.Debug|Any CPU.Build.0 = Debug|Any CPU
		{2F462812-6775-4FC1-959D-56BD2137FEB8}.Release|Any CPU.ActiveCfg = Release|Any CPU
		{2F462812-6775-4FC1-959D-56BD2137FEB8}.Release|Any CPU.Build.0 = Release|Any CPU
		{9AD66058-A6D6-4BC5-9A6E-35DA268303AE}.Debug|Any CPU.ActiveCfg = Debug|Any CPU
		{9AD66058-A6D6-4BC5-9A6E-35DA268303AE}.Debug|Any CPU.Build.0 = Debug|Any CPU
		{9AD66058-A6D6-4BC5-9A6E-35DA268303AE}.Release|Any CPU.ActiveCfg = Release|Any CPU
		{9AD66058-A6D6-4BC5-9A6E-35DA268303AE}.Release|Any CPU.Build.0 = Release|Any CPU
		{3973CAA1-34FF-4E1C-904E-9930EC34D56A}.Debug|Any CPU.ActiveCfg = Debug|Any CPU
		{3973CAA1-34FF-4E1C-904E-9930EC34D56A}.Debug|Any CPU.Build.0 = Debug|Any CPU
		{3973CAA1-34FF-4E1C-904E-9930EC34D56A}.Release|Any CPU.ActiveCfg = Release|Any CPU
		{3973CAA1-34FF-4E1C-904E-9930EC34D56A}.Release|Any CPU.Build.0 = Release|Any CPU
		{F58B319C-91EF-4BE8-8756-C48513A03E0F}.Debug|Any CPU.ActiveCfg = Debug|Any CPU
		{F58B319C-91EF-4BE8-8756-C48513A03E0F}.Debug|Any CPU.Build.0 = Debug|Any CPU
		{F58B319C-91EF-4BE8-8756-C48513A03E0F}.Release|Any CPU.ActiveCfg = Release|Any CPU
		{F58B319C-91EF-4BE8-8756-C48513A03E0F}.Release|Any CPU.Build.0 = Release|Any CPU
		{C8A63063-CD32-4524-8810-A0A02C1E1AD8}.Debug|Any CPU.ActiveCfg = Debug|Any CPU
		{C8A63063-CD32-4524-8810-A0A02C1E1AD8}.Debug|Any CPU.Build.0 = Debug|Any CPU
		{C8A63063-CD32-4524-8810-A0A02C1E1AD8}.Release|Any CPU.ActiveCfg = Release|Any CPU
		{C8A63063-CD32-4524-8810-A0A02C1E1AD8}.Release|Any CPU.Build.0 = Release|Any CPU
		{F5DC9FBA-C65D-4AEF-A9D5-CA046CA6E8F0}.Debug|Any CPU.ActiveCfg = Debug|Any CPU
		{F5DC9FBA-C65D-4AEF-A9D5-CA046CA6E8F0}.Debug|Any CPU.Build.0 = Debug|Any CPU
		{F5DC9FBA-C65D-4AEF-A9D5-CA046CA6E8F0}.Release|Any CPU.ActiveCfg = Release|Any CPU
		{F5DC9FBA-C65D-4AEF-A9D5-CA046CA6E8F0}.Release|Any CPU.Build.0 = Release|Any CPU
		{C7AD87A4-A38E-48AE-850B-7DD67309FAE0}.Debug|Any CPU.ActiveCfg = Debug|Any CPU
		{C7AD87A4-A38E-48AE-850B-7DD67309FAE0}.Debug|Any CPU.Build.0 = Debug|Any CPU
		{C7AD87A4-A38E-48AE-850B-7DD67309FAE0}.Release|Any CPU.ActiveCfg = Release|Any CPU
		{C7AD87A4-A38E-48AE-850B-7DD67309FAE0}.Release|Any CPU.Build.0 = Release|Any CPU
	EndGlobalSection
	GlobalSection(SolutionProperties) = preSolution
		HideSolutionNode = FALSE
	EndGlobalSection
	GlobalSection(NestedProjects) = preSolution
		{391CE5CE-AFDC-4EA8-8E48-D470D05E4156} = {E2322E49-B108-4215-A074-F3F59A884ADC}
		{BFE5D420-687A-43B3-98E3-5EB3E8183C22} = {391CE5CE-AFDC-4EA8-8E48-D470D05E4156}
		{3246BEC3-02EA-4036-92F5-0B9523012027} = {391CE5CE-AFDC-4EA8-8E48-D470D05E4156}
		{5DD67572-1BE2-4F8D-A6C7-6EE2BED7B770} = {391CE5CE-AFDC-4EA8-8E48-D470D05E4156}
		{2F462812-6775-4FC1-959D-56BD2137FEB8} = {391CE5CE-AFDC-4EA8-8E48-D470D05E4156}
		{9AD66058-A6D6-4BC5-9A6E-35DA268303AE} = {24272DDE-661D-472D-BB57-00408B9E2875}
		{3973CAA1-34FF-4E1C-904E-9930EC34D56A} = {24272DDE-661D-472D-BB57-00408B9E2875}
		{F58B319C-91EF-4BE8-8756-C48513A03E0F} = {24272DDE-661D-472D-BB57-00408B9E2875}
		{C8A63063-CD32-4524-8810-A0A02C1E1AD8} = {24272DDE-661D-472D-BB57-00408B9E2875}
		{F5DC9FBA-C65D-4AEF-A9D5-CA046CA6E8F0} = {24272DDE-661D-472D-BB57-00408B9E2875}
		{C7AD87A4-A38E-48AE-850B-7DD67309FAE0} = {24272DDE-661D-472D-BB57-00408B9E2875}
	EndGlobalSection
	GlobalSection(ExtensibilityGlobals) = postSolution
		SolutionGuid = {DBBDB217-448C-4922-AC88-1938E3ABE9E2}
	EndGlobalSection
EndGlobal
